// !$*UTF8*$!
{
	archiveVersion = 1;
	classes = {
	};
	objectVersion = 50;
	objects = {

/* Begin PBXBuildFile section */
		842F1BC1240D98A0007F572F /* AppDelegate.swift in Sources */ = {isa = PBXBuildFile; fileRef = 842F1BC0240D98A0007F572F /* AppDelegate.swift */; };
		842F1BC3240D98A0007F572F /* SceneDelegate.swift in Sources */ = {isa = PBXBuildFile; fileRef = 842F1BC2240D98A0007F572F /* SceneDelegate.swift */; };
		842F1BC5240D98A0007F572F /* ContentView.swift in Sources */ = {isa = PBXBuildFile; fileRef = 842F1BC4240D98A0007F572F /* ContentView.swift */; };
		842F1BC7240D98A1007F572F /* Assets.xcassets in Resources */ = {isa = PBXBuildFile; fileRef = 842F1BC6240D98A1007F572F /* Assets.xcassets */; };
		842F1BCA240D98A1007F572F /* Preview Assets.xcassets in Resources */ = {isa = PBXBuildFile; fileRef = 842F1BC9240D98A1007F572F /* Preview Assets.xcassets */; };
		842F1BCD240D98A1007F572F /* LaunchScreen.storyboard in Resources */ = {isa = PBXBuildFile; fileRef = 842F1BCB240D98A1007F572F /* LaunchScreen.storyboard */; };
		842F1BD8240D98A2007F572F /* BeerFinderTests.swift in Sources */ = {isa = PBXBuildFile; fileRef = 842F1BD7240D98A2007F572F /* BeerFinderTests.swift */; };
		842F1BE3240D98A2007F572F /* BeerFinderUITests.swift in Sources */ = {isa = PBXBuildFile; fileRef = 842F1BE2240D98A2007F572F /* BeerFinderUITests.swift */; };
		842F1BF1240D9CA2007F572F /* amsterdam.jpg in Resources */ = {isa = PBXBuildFile; fileRef = 842F1BF0240D9CA2007F572F /* amsterdam.jpg */; };
		842F1BF5240D9CE7007F572F /* CircleImage.swift in Sources */ = {isa = PBXBuildFile; fileRef = 842F1BF4240D9CE7007F572F /* CircleImage.swift */; };
		842F1BF8240D9F71007F572F /* amsterdam_small.png in Resources */ = {isa = PBXBuildFile; fileRef = 842F1BF7240D9F71007F572F /* amsterdam_small.png */; };
		842F1BFA240DA092007F572F /* MapView.swift in Sources */ = {isa = PBXBuildFile; fileRef = 842F1BF9240DA092007F572F /* MapView.swift */; };
/* End PBXBuildFile section */

/* Begin PBXContainerItemProxy section */
		842F1BD4240D98A2007F572F /* PBXContainerItemProxy */ = {
			isa = PBXContainerItemProxy;
			containerPortal = 842F1BB5240D98A0007F572F /* Project object */;
			proxyType = 1;
			remoteGlobalIDString = 842F1BBC240D98A0007F572F;
			remoteInfo = BeerFinder;
		};
		842F1BDF240D98A2007F572F /* PBXContainerItemProxy */ = {
			isa = PBXContainerItemProxy;
			containerPortal = 842F1BB5240D98A0007F572F /* Project object */;
			proxyType = 1;
			remoteGlobalIDString = 842F1BBC240D98A0007F572F;
			remoteInfo = BeerFinder;
		};
/* End PBXContainerItemProxy section */

/* Begin PBXFileReference section */
		842F1BBD240D98A0007F572F /* BeerFinder.app */ = {isa = PBXFileReference; explicitFileType = wrapper.application; includeInIndex = 0; path = BeerFinder.app; sourceTree = BUILT_PRODUCTS_DIR; };
		842F1BC0240D98A0007F572F /* AppDelegate.swift */ = {isa = PBXFileReference; lastKnownFileType = sourcecode.swift; path = AppDelegate.swift; sourceTree = "<group>"; };
		842F1BC2240D98A0007F572F /* SceneDelegate.swift */ = {isa = PBXFileReference; lastKnownFileType = sourcecode.swift; path = SceneDelegate.swift; sourceTree = "<group>"; };
		842F1BC4240D98A0007F572F /* ContentView.swift */ = {isa = PBXFileReference; lastKnownFileType = sourcecode.swift; path = ContentView.swift; sourceTree = "<group>"; };
		842F1BC6240D98A1007F572F /* Assets.xcassets */ = {isa = PBXFileReference; lastKnownFileType = folder.assetcatalog; path = Assets.xcassets; sourceTree = "<group>"; };
		842F1BC9240D98A1007F572F /* Preview Assets.xcassets */ = {isa = PBXFileReference; lastKnownFileType = folder.assetcatalog; path = "Preview Assets.xcassets"; sourceTree = "<group>"; };
		842F1BCC240D98A1007F572F /* Base */ = {isa = PBXFileReference; lastKnownFileType = file.storyboard; name = Base; path = Base.lproj/LaunchScreen.storyboard; sourceTree = "<group>"; };
		842F1BCE240D98A1007F572F /* Info.plist */ = {isa = PBXFileReference; lastKnownFileType = text.plist.xml; path = Info.plist; sourceTree = "<group>"; };
		842F1BD3240D98A2007F572F /* BeerFinderTests.xctest */ = {isa = PBXFileReference; explicitFileType = wrapper.cfbundle; includeInIndex = 0; path = BeerFinderTests.xctest; sourceTree = BUILT_PRODUCTS_DIR; };
		842F1BD7240D98A2007F572F /* BeerFinderTests.swift */ = {isa = PBXFileReference; lastKnownFileType = sourcecode.swift; path = BeerFinderTests.swift; sourceTree = "<group>"; };
		842F1BD9240D98A2007F572F /* Info.plist */ = {isa = PBXFileReference; lastKnownFileType = text.plist.xml; path = Info.plist; sourceTree = "<group>"; };
		842F1BDE240D98A2007F572F /* BeerFinderUITests.xctest */ = {isa = PBXFileReference; explicitFileType = wrapper.cfbundle; includeInIndex = 0; path = BeerFinderUITests.xctest; sourceTree = BUILT_PRODUCTS_DIR; };
		842F1BE2240D98A2007F572F /* BeerFinderUITests.swift */ = {isa = PBXFileReference; lastKnownFileType = sourcecode.swift; path = BeerFinderUITests.swift; sourceTree = "<group>"; };
		842F1BE4240D98A2007F572F /* Info.plist */ = {isa = PBXFileReference; lastKnownFileType = text.plist.xml; path = Info.plist; sourceTree = "<group>"; };
		842F1BF0240D9CA2007F572F /* amsterdam.jpg */ = {isa = PBXFileReference; lastKnownFileType = image.jpeg; name = amsterdam.jpg; path = ../../../Desktop/amsterdam.jpg; sourceTree = "<group>"; };
		842F1BF3240D9CC6007F572F /* amsterdam.jpg */ = {isa = PBXFileReference; lastKnownFileType = image.jpeg; path = amsterdam.jpg; sourceTree = "<group>"; };
		842F1BF4240D9CE7007F572F /* CircleImage.swift */ = {isa = PBXFileReference; lastKnownFileType = sourcecode.swift; name = CircleImage.swift; path = BeerFinder/CircleImage.swift; sourceTree = SOURCE_ROOT; };
		842F1BF7240D9F71007F572F /* amsterdam_small.png */ = {isa = PBXFileReference; lastKnownFileType = image.png; name = amsterdam_small.png; path = ../../../../Desktop/amsterdam_small.png; sourceTree = "<group>"; };
		842F1BF9240DA092007F572F /* MapView.swift */ = {isa = PBXFileReference; lastKnownFileType = sourcecode.swift; path = MapView.swift; sourceTree = "<group>"; };
/* End PBXFileReference section */

/* Begin PBXFrameworksBuildPhase section */
		842F1BBA240D98A0007F572F /* Frameworks */ = {
			isa = PBXFrameworksBuildPhase;
			buildActionMask = 2147483647;
			files = (
			);
			runOnlyForDeploymentPostprocessing = 0;
		};
		842F1BD0240D98A2007F572F /* Frameworks */ = {
			isa = PBXFrameworksBuildPhase;
			buildActionMask = 2147483647;
			files = (
			);
			runOnlyForDeploymentPostprocessing = 0;
		};
		842F1BDB240D98A2007F572F /* Frameworks */ = {
			isa = PBXFrameworksBuildPhase;
			buildActionMask = 2147483647;
			files = (
			);
			runOnlyForDeploymentPostprocessing = 0;
		};
/* End PBXFrameworksBuildPhase section */

/* Begin PBXGroup section */
		842F1BB4240D98A0007F572F = {
			isa = PBXGroup;
			children = (
				842F1BBF240D98A0007F572F /* BeerFinder */,
				842F1BD6240D98A2007F572F /* BeerFinderTests */,
				842F1BE1240D98A2007F572F /* BeerFinderUITests */,
				842F1BBE240D98A0007F572F /* Products */,
			);
			sourceTree = "<group>";
		};
		842F1BBE240D98A0007F572F /* Products */ = {
			isa = PBXGroup;
			children = (
				842F1BBD240D98A0007F572F /* BeerFinder.app */,
				842F1BD3240D98A2007F572F /* BeerFinderTests.xctest */,
				842F1BDE240D98A2007F572F /* BeerFinderUITests.xctest */,
			);
			name = Products;
			sourceTree = "<group>";
		};
		842F1BBF240D98A0007F572F /* BeerFinder */ = {
			isa = PBXGroup;
			children = (
				842F1BF6240D9DEC007F572F /* Resources */,
				842F1BC0240D98A0007F572F /* AppDelegate.swift */,
				842F1BF4240D9CE7007F572F /* CircleImage.swift */,
				842F1BF9240DA092007F572F /* MapView.swift */,
				842F1BC2240D98A0007F572F /* SceneDelegate.swift */,
				842F1BC4240D98A0007F572F /* ContentView.swift */,
				842F1BC6240D98A1007F572F /* Assets.xcassets */,
				842F1BF0240D9CA2007F572F /* amsterdam.jpg */,
				842F1BCB240D98A1007F572F /* LaunchScreen.storyboard */,
				842F1BCE240D98A1007F572F /* Info.plist */,
				842F1BC8240D98A1007F572F /* Preview Content */,
			);
			path = BeerFinder;
			sourceTree = "<group>";
		};
		842F1BC8240D98A1007F572F /* Preview Content */ = {
			isa = PBXGroup;
			children = (
				842F1BC9240D98A1007F572F /* Preview Assets.xcassets */,
			);
			path = "Preview Content";
			sourceTree = "<group>";
		};
		842F1BD6240D98A2007F572F /* BeerFinderTests */ = {
			isa = PBXGroup;
			children = (
				842F1BD7240D98A2007F572F /* BeerFinderTests.swift */,
				842F1BD9240D98A2007F572F /* Info.plist */,
			);
			path = BeerFinderTests;
			sourceTree = "<group>";
		};
		842F1BE1240D98A2007F572F /* BeerFinderUITests */ = {
			isa = PBXGroup;
			children = (
				842F1BE2240D98A2007F572F /* BeerFinderUITests.swift */,
				842F1BE4240D98A2007F572F /* Info.plist */,
			);
			path = BeerFinderUITests;
			sourceTree = "<group>";
		};
		842F1BF6240D9DEC007F572F /* Resources */ = {
			isa = PBXGroup;
			children = (
				842F1BF7240D9F71007F572F /* amsterdam_small.png */,
				842F1BF3240D9CC6007F572F /* amsterdam.jpg */,
			);
			path = Resources;
			sourceTree = "<group>";
		};
/* End PBXGroup section */

/* Begin PBXNativeTarget section */
		842F1BBC240D98A0007F572F /* BeerFinder */ = {
			isa = PBXNativeTarget;
			buildConfigurationList = 842F1BE7240D98A2007F572F /* Build configuration list for PBXNativeTarget "BeerFinder" */;
			buildPhases = (
				842F1BB9240D98A0007F572F /* Sources */,
				842F1BBA240D98A0007F572F /* Frameworks */,
				842F1BBB240D98A0007F572F /* Resources */,
			);
			buildRules = (
			);
			dependencies = (
			);
			name = BeerFinder;
			productName = BeerFinder;
			productReference = 842F1BBD240D98A0007F572F /* BeerFinder.app */;
			productType = "com.apple.product-type.application";
		};
		842F1BD2240D98A2007F572F /* BeerFinderTests */ = {
			isa = PBXNativeTarget;
			buildConfigurationList = 842F1BEA240D98A2007F572F /* Build configuration list for PBXNativeTarget "BeerFinderTests" */;
			buildPhases = (
				842F1BCF240D98A2007F572F /* Sources */,
				842F1BD0240D98A2007F572F /* Frameworks */,
				842F1BD1240D98A2007F572F /* Resources */,
			);
			buildRules = (
			);
			dependencies = (
				842F1BD5240D98A2007F572F /* PBXTargetDependency */,
			);
			name = BeerFinderTests;
			productName = BeerFinderTests;
			productReference = 842F1BD3240D98A2007F572F /* BeerFinderTests.xctest */;
			productType = "com.apple.product-type.bundle.unit-test";
		};
		842F1BDD240D98A2007F572F /* BeerFinderUITests */ = {
			isa = PBXNativeTarget;
			buildConfigurationList = 842F1BED240D98A2007F572F /* Build configuration list for PBXNativeTarget "BeerFinderUITests" */;
			buildPhases = (
				842F1BDA240D98A2007F572F /* Sources */,
				842F1BDB240D98A2007F572F /* Frameworks */,
				842F1BDC240D98A2007F572F /* Resources */,
			);
			buildRules = (
			);
			dependencies = (
				842F1BE0240D98A2007F572F /* PBXTargetDependency */,
			);
			name = BeerFinderUITests;
			productName = BeerFinderUITests;
			productReference = 842F1BDE240D98A2007F572F /* BeerFinderUITests.xctest */;
			productType = "com.apple.product-type.bundle.ui-testing";
		};
/* End PBXNativeTarget section */

/* Begin PBXProject section */
		842F1BB5240D98A0007F572F /* Project object */ = {
			isa = PBXProject;
			attributes = {
				LastSwiftUpdateCheck = 1130;
				LastUpgradeCheck = 1130;
				ORGANIZATIONNAME = "Jurrian Lammerts";
				TargetAttributes = {
					842F1BBC240D98A0007F572F = {
						CreatedOnToolsVersion = 11.3.1;
					};
					842F1BD2240D98A2007F572F = {
						CreatedOnToolsVersion = 11.3.1;
						TestTargetID = 842F1BBC240D98A0007F572F;
					};
					842F1BDD240D98A2007F572F = {
						CreatedOnToolsVersion = 11.3.1;
						TestTargetID = 842F1BBC240D98A0007F572F;
					};
				};
			};
			buildConfigurationList = 842F1BB8240D98A0007F572F /* Build configuration list for PBXProject "BeerFinder" */;
			compatibilityVersion = "Xcode 9.3";
			developmentRegion = en;
			hasScannedForEncodings = 0;
			knownRegions = (
				en,
				Base,
			);
			mainGroup = 842F1BB4240D98A0007F572F;
			productRefGroup = 842F1BBE240D98A0007F572F /* Products */;
			projectDirPath = "";
			projectRoot = "";
			targets = (
				842F1BBC240D98A0007F572F /* BeerFinder */,
				842F1BD2240D98A2007F572F /* BeerFinderTests */,
				842F1BDD240D98A2007F572F /* BeerFinderUITests */,
			);
		};
/* End PBXProject section */

/* Begin PBXResourcesBuildPhase section */
		842F1BBB240D98A0007F572F /* Resources */ = {
			isa = PBXResourcesBuildPhase;
			buildActionMask = 2147483647;
			files = (
				842F1BF8240D9F71007F572F /* amsterdam_small.png in Resources */,
				842F1BCD240D98A1007F572F /* LaunchScreen.storyboard in Resources */,
				842F1BCA240D98A1007F572F /* Preview Assets.xcassets in Resources */,
				842F1BF1240D9CA2007F572F /* amsterdam.jpg in Resources */,
				842F1BC7240D98A1007F572F /* Assets.xcassets in Resources */,
			);
			runOnlyForDeploymentPostprocessing = 0;
		};
		842F1BD1240D98A2007F572F /* Resources */ = {
			isa = PBXResourcesBuildPhase;
			buildActionMask = 2147483647;
			files = (
			);
			runOnlyForDeploymentPostprocessing = 0;
		};
		842F1BDC240D98A2007F572F /* Resources */ = {
			isa = PBXResourcesBuildPhase;
			buildActionMask = 2147483647;
			files = (
			);
			runOnlyForDeploymentPostprocessing = 0;
		};
/* End PBXResourcesBuildPhase section */

/* Begin PBXSourcesBuildPhase section */
		842F1BB9240D98A0007F572F /* Sources */ = {
			isa = PBXSourcesBuildPhase;
			buildActionMask = 2147483647;
			files = (
				842F1BC1240D98A0007F572F /* AppDelegate.swift in Sources */,
				842F1BC3240D98A0007F572F /* SceneDelegate.swift in Sources */,
				842F1BFA240DA092007F572F /* MapView.swift in Sources */,
				842F1BF5240D9CE7007F572F /* CircleImage.swift in Sources */,
				842F1BC5240D98A0007F572F /* ContentView.swift in Sources */,
			);
			runOnlyForDeploymentPostprocessing = 0;
		};
		842F1BCF240D98A2007F572F /* Sources */ = {
			isa = PBXSourcesBuildPhase;
			buildActionMask = 2147483647;
			files = (
				842F1BD8240D98A2007F572F /* BeerFinderTests.swift in Sources */,
			);
			runOnlyForDeploymentPostprocessing = 0;
		};
		842F1BDA240D98A2007F572F /* Sources */ = {
			isa = PBXSourcesBuildPhase;
			buildActionMask = 2147483647;
			files = (
				842F1BE3240D98A2007F572F /* BeerFinderUITests.swift in Sources */,
			);
			runOnlyForDeploymentPostprocessing = 0;
		};
/* End PBXSourcesBuildPhase section */

/* Begin PBXTargetDependency section */
		842F1BD5240D98A2007F572F /* PBXTargetDependency */ = {
			isa = PBXTargetDependency;
			target = 842F1BBC240D98A0007F572F /* BeerFinder */;
			targetProxy = 842F1BD4240D98A2007F572F /* PBXContainerItemProxy */;
		};
		842F1BE0240D98A2007F572F /* PBXTargetDependency */ = {
			isa = PBXTargetDependency;
			target = 842F1BBC240D98A0007F572F /* BeerFinder */;
			targetProxy = 842F1BDF240D98A2007F572F /* PBXContainerItemProxy */;
		};
/* End PBXTargetDependency section */

/* Begin PBXVariantGroup section */
		842F1BCB240D98A1007F572F /* LaunchScreen.storyboard */ = {
			isa = PBXVariantGroup;
			children = (
				842F1BCC240D98A1007F572F /* Base */,
			);
			name = LaunchScreen.storyboard;
			sourceTree = "<group>";
		};
/* End PBXVariantGroup section */

/* Begin XCBuildConfiguration section */
		842F1BE5240D98A2007F572F /* Debug */ = {
			isa = XCBuildConfiguration;
			buildSettings = {
				ALWAYS_SEARCH_USER_PATHS = NO;
				CLANG_ANALYZER_NONNULL = YES;
				CLANG_ANALYZER_NUMBER_OBJECT_CONVERSION = YES_AGGRESSIVE;
				CLANG_CXX_LANGUAGE_STANDARD = "gnu++14";
				CLANG_CXX_LIBRARY = "libc++";
				CLANG_ENABLE_MODULES = YES;
				CLANG_ENABLE_OBJC_ARC = YES;
				CLANG_ENABLE_OBJC_WEAK = YES;
				CLANG_WARN_BLOCK_CAPTURE_AUTORELEASING = YES;
				CLANG_WARN_BOOL_CONVERSION = YES;
				CLANG_WARN_COMMA = YES;
				CLANG_WARN_CONSTANT_CONVERSION = YES;
				CLANG_WARN_DEPRECATED_OBJC_IMPLEMENTATIONS = YES;
				CLANG_WARN_DIRECT_OBJC_ISA_USAGE = YES_ERROR;
				CLANG_WARN_DOCUMENTATION_COMMENTS = YES;
				CLANG_WARN_EMPTY_BODY = YES;
				CLANG_WARN_ENUM_CONVERSION = YES;
				CLANG_WARN_INFINITE_RECURSION = YES;
				CLANG_WARN_INT_CONVERSION = YES;
				CLANG_WARN_NON_LITERAL_NULL_CONVERSION = YES;
				CLANG_WARN_OBJC_IMPLICIT_RETAIN_SELF = YES;
				CLANG_WARN_OBJC_LITERAL_CONVERSION = YES;
				CLANG_WARN_OBJC_ROOT_CLASS = YES_ERROR;
				CLANG_WARN_RANGE_LOOP_ANALYSIS = YES;
				CLANG_WARN_STRICT_PROTOTYPES = YES;
				CLANG_WARN_SUSPICIOUS_MOVE = YES;
				CLANG_WARN_UNGUARDED_AVAILABILITY = YES_AGGRESSIVE;
				CLANG_WARN_UNREACHABLE_CODE = YES;
				CLANG_WARN__DUPLICATE_METHOD_MATCH = YES;
				COPY_PHASE_STRIP = NO;
				DEBUG_INFORMATION_FORMAT = dwarf;
				ENABLE_STRICT_OBJC_MSGSEND = YES;
				ENABLE_TESTABILITY = YES;
				GCC_C_LANGUAGE_STANDARD = gnu11;
				GCC_DYNAMIC_NO_PIC = NO;
				GCC_NO_COMMON_BLOCKS = YES;
				GCC_OPTIMIZATION_LEVEL = 0;
				GCC_PREPROCESSOR_DEFINITIONS = (
					"DEBUG=1",
					"$(inherited)",
				);
				GCC_WARN_64_TO_32_BIT_CONVERSION = YES;
				GCC_WARN_ABOUT_RETURN_TYPE = YES_ERROR;
				GCC_WARN_UNDECLARED_SELECTOR = YES;
				GCC_WARN_UNINITIALIZED_AUTOS = YES_AGGRESSIVE;
				GCC_WARN_UNUSED_FUNCTION = YES;
				GCC_WARN_UNUSED_VARIABLE = YES;
				IPHONEOS_DEPLOYMENT_TARGET = 13.2;
				MTL_ENABLE_DEBUG_INFO = INCLUDE_SOURCE;
				MTL_FAST_MATH = YES;
				ONLY_ACTIVE_ARCH = YES;
				SDKROOT = iphoneos;
				SWIFT_ACTIVE_COMPILATION_CONDITIONS = DEBUG;
				SWIFT_OPTIMIZATION_LEVEL = "-Onone";
			};
			name = Debug;
		};
		842F1BE6240D98A2007F572F /* Release */ = {
			isa = XCBuildConfiguration;
			buildSettings = {
				ALWAYS_SEARCH_USER_PATHS = NO;
				CLANG_ANALYZER_NONNULL = YES;
				CLANG_ANALYZER_NUMBER_OBJECT_CONVERSION = YES_AGGRESSIVE;
				CLANG_CXX_LANGUAGE_STANDARD = "gnu++14";
				CLANG_CXX_LIBRARY = "libc++";
				CLANG_ENABLE_MODULES = YES;
				CLANG_ENABLE_OBJC_ARC = YES;
				CLANG_ENABLE_OBJC_WEAK = YES;
				CLANG_WARN_BLOCK_CAPTURE_AUTORELEASING = YES;
				CLANG_WARN_BOOL_CONVERSION = YES;
				CLANG_WARN_COMMA = YES;
				CLANG_WARN_CONSTANT_CONVERSION = YES;
				CLANG_WARN_DEPRECATED_OBJC_IMPLEMENTATIONS = YES;
				CLANG_WARN_DIRECT_OBJC_ISA_USAGE = YES_ERROR;
				CLANG_WARN_DOCUMENTATION_COMMENTS = YES;
				CLANG_WARN_EMPTY_BODY = YES;
				CLANG_WARN_ENUM_CONVERSION = YES;
				CLANG_WARN_INFINITE_RECURSION = YES;
				CLANG_WARN_INT_CONVERSION = YES;
				CLANG_WARN_NON_LITERAL_NULL_CONVERSION = YES;
				CLANG_WARN_OBJC_IMPLICIT_RETAIN_SELF = YES;
				CLANG_WARN_OBJC_LITERAL_CONVERSION = YES;
				CLANG_WARN_OBJC_ROOT_CLASS = YES_ERROR;
				CLANG_WARN_RANGE_LOOP_ANALYSIS = YES;
				CLANG_WARN_STRICT_PROTOTYPES = YES;
				CLANG_WARN_SUSPICIOUS_MOVE = YES;
				CLANG_WARN_UNGUARDED_AVAILABILITY = YES_AGGRESSIVE;
				CLANG_WARN_UNREACHABLE_CODE = YES;
				CLANG_WARN__DUPLICATE_METHOD_MATCH = YES;
				COPY_PHASE_STRIP = NO;
				DEBUG_INFORMATION_FORMAT = "dwarf-with-dsym";
				ENABLE_NS_ASSERTIONS = NO;
				ENABLE_STRICT_OBJC_MSGSEND = YES;
				GCC_C_LANGUAGE_STANDARD = gnu11;
				GCC_NO_COMMON_BLOCKS = YES;
				GCC_WARN_64_TO_32_BIT_CONVERSION = YES;
				GCC_WARN_ABOUT_RETURN_TYPE = YES_ERROR;
				GCC_WARN_UNDECLARED_SELECTOR = YES;
				GCC_WARN_UNINITIALIZED_AUTOS = YES_AGGRESSIVE;
				GCC_WARN_UNUSED_FUNCTION = YES;
				GCC_WARN_UNUSED_VARIABLE = YES;
				IPHONEOS_DEPLOYMENT_TARGET = 13.2;
				MTL_ENABLE_DEBUG_INFO = NO;
				MTL_FAST_MATH = YES;
				SDKROOT = iphoneos;
				SWIFT_COMPILATION_MODE = wholemodule;
				SWIFT_OPTIMIZATION_LEVEL = "-O";
				VALIDATE_PRODUCT = YES;
			};
			name = Release;
		};
		842F1BE8240D98A2007F572F /* Debug */ = {
			isa = XCBuildConfiguration;
			buildSettings = {
				ASSETCATALOG_COMPILER_APPICON_NAME = AppIcon;
				CODE_SIGN_STYLE = Automatic;
				DEVELOPMENT_ASSET_PATHS = "\"BeerFinder/Preview Content\"";
				ENABLE_PREVIEWS = YES;
				INFOPLIST_FILE = BeerFinder/Info.plist;
				LD_RUNPATH_SEARCH_PATHS = (
					"$(inherited)",
					"@executable_path/Frameworks",
				);
				PRODUCT_BUNDLE_IDENTIFIER = com.iamjurrian.BeerFinder;
				PRODUCT_NAME = "$(TARGET_NAME)";
				SWIFT_VERSION = 5.0;
				TARGETED_DEVICE_FAMILY = "1,2";
			};
			name = Debug;
		};
		842F1BE9240D98A2007F572F /* Release */ = {
			isa = XCBuildConfiguration;
			buildSettings = {
				ASSETCATALOG_COMPILER_APPICON_NAME = AppIcon;
				CODE_SIGN_STYLE = Automatic;
				DEVELOPMENT_ASSET_PATHS = "\"BeerFinder/Preview Content\"";
				ENABLE_PREVIEWS = YES;
				INFOPLIST_FILE = BeerFinder/Info.plist;
				LD_RUNPATH_SEARCH_PATHS = (
					"$(inherited)",
					"@executable_path/Frameworks",
				);
				PRODUCT_BUNDLE_IDENTIFIER = com.iamjurrian.BeerFinder;
				PRODUCT_NAME = "$(TARGET_NAME)";
				SWIFT_VERSION = 5.0;
				TARGETED_DEVICE_FAMILY = "1,2";
			};
			name = Release;
		};
		842F1BEB240D98A2007F572F /* Debug */ = {
			isa = XCBuildConfiguration;
			buildSettings = {
				ALWAYS_EMBED_SWIFT_STANDARD_LIBRARIES = YES;
				BUNDLE_LOADER = "$(TEST_HOST)";
				CODE_SIGN_STYLE = Automatic;
				INFOPLIST_FILE = BeerFinderTests/Info.plist;
				IPHONEOS_DEPLOYMENT_TARGET = 13.2;
				LD_RUNPATH_SEARCH_PATHS = (
					"$(inherited)",
					"@executable_path/Frameworks",
					"@loader_path/Frameworks",
				);
				PRODUCT_BUNDLE_IDENTIFIER = com.iamjurrian.BeerFinderTests;
				PRODUCT_NAME = "$(TARGET_NAME)";
				SWIFT_VERSION = 5.0;
				TARGETED_DEVICE_FAMILY = "1,2";
				TEST_HOST = "$(BUILT_PRODUCTS_DIR)/BeerFinder.app/BeerFinder";
			};
			name = Debug;
		};
		842F1BEC240D98A2007F572F /* Release */ = {
			isa = XCBuildConfiguration;
			buildSettings = {
				ALWAYS_EMBED_SWIFT_STANDARD_LIBRARIES = YES;
				BUNDLE_LOADER = "$(TEST_HOST)";
				CODE_SIGN_STYLE = Automatic;
				INFOPLIST_FILE = BeerFinderTests/Info.plist;
				IPHONEOS_DEPLOYMENT_TARGET = 13.2;
				LD_RUNPATH_SEARCH_PATHS = (
					"$(inherited)",
					"@executable_path/Frameworks",
					"@loader_path/Frameworks",
				);
				PRODUCT_BUNDLE_IDENTIFIER = com.iamjurrian.BeerFinderTests;
				PRODUCT_NAME = "$(TARGET_NAME)";
				SWIFT_VERSION = 5.0;
				TARGETED_DEVICE_FAMILY = "1,2";
				TEST_HOST = "$(BUILT_PRODUCTS_DIR)/BeerFinder.app/BeerFinder";
			};
			name = Release;
		};
		842F1BEE240D98A2007F572F /* Debug */ = {
			isa = XCBuildConfiguration;
			buildSettings = {
				ALWAYS_EMBED_SWIFT_STANDARD_LIBRARIES = YES;
				CODE_SIGN_STYLE = Automatic;
				INFOPLIST_FILE = BeerFinderUITests/Info.plist;
				LD_RUNPATH_SEARCH_PATHS = (
					"$(inherited)",
					"@executable_path/Frameworks",
					"@loader_path/Frameworks",
				);
				PRODUCT_BUNDLE_IDENTIFIER = com.iamjurrian.BeerFinderUITests;
				PRODUCT_NAME = "$(TARGET_NAME)";
				SWIFT_VERSION = 5.0;
				TARGETED_DEVICE_FAMILY = "1,2";
				TEST_TARGET_NAME = BeerFinder;
			};
			name = Debug;
		};
		842F1BEF240D98A2007F572F /* Release */ = {
			isa = XCBuildConfiguration;
			buildSettings = {
				ALWAYS_EMBED_SWIFT_STANDARD_LIBRARIES = YES;
				CODE_SIGN_STYLE = Automatic;
				INFOPLIST_FILE = BeerFinderUITests/Info.plist;
				LD_RUNPATH_SEARCH_PATHS = (
					"$(inherited)",
					"@executable_path/Frameworks",
					"@loader_path/Frameworks",
				);
				PRODUCT_BUNDLE_IDENTIFIER = com.iamjurrian.BeerFinderUITests;
				PRODUCT_NAME = "$(TARGET_NAME)";
				SWIFT_VERSION = 5.0;
				TARGETED_DEVICE_FAMILY = "1,2";
				TEST_TARGET_NAME = BeerFinder;
			};
			name = Release;
		};
/* End XCBuildConfiguration section */

/* Begin XCConfigurationList section */
		842F1BB8240D98A0007F572F /* Build configuration list for PBXProject "BeerFinder" */ = {
			isa = XCConfigurationList;
			buildConfigurations = (
				842F1BE5240D98A2007F572F /* Debug */,
				842F1BE6240D98A2007F572F /* Release */,
			);
			defaultConfigurationIsVisible = 0;
			defaultConfigurationName = Release;
		};
		842F1BE7240D98A2007F572F /* Build configuration list for PBXNativeTarget "BeerFinder" */ = {
			isa = XCConfigurationList;
			buildConfigurations = (
				842F1BE8240D98A2007F572F /* Debug */,
				842F1BE9240D98A2007F572F /* Release */,
			);
			defaultConfigurationIsVisible = 0;
			defaultConfigurationName = Release;
		};
		842F1BEA240D98A2007F572F /* Build configuration list for PBXNativeTarget "BeerFinderTests" */ = {
			isa = XCConfigurationList;
			buildConfigurations = (
				842F1BEB240D98A2007F572F /* Debug */,
				842F1BEC240D98A2007F572F /* Release */,
			);
			defaultConfigurationIsVisible = 0;
			defaultConfigurationName = Release;
		};
		842F1BED240D98A2007F572F /* Build configuration list for PBXNativeTarget "BeerFinderUITests" */ = {
			isa = XCConfigurationList;
			buildConfigurations = (
				842F1BEE240D98A2007F572F /* Debug */,
				842F1BEF240D98A2007F572F /* Release */,
			);
			defaultConfigurationIsVisible = 0;
			defaultConfigurationName = Release;
		};
/* End XCConfigurationList section */
	};
	rootObject = 842F1BB5240D98A0007F572F /* Project object */;
}
